
Microsoft Visual Studio Solution File, Format Version 12.00
# Visual Studio Version 17
VisualStudioVersion = 17.0.32014.148
MinimumVisualStudioVersion = 10.0.40219.1
Project("{FAE04EC0-301F-11D3-BF4B-00C04F79EFBC}") = "adad1-10", "adad1-10.csproj", "{0803BCA5-147C-4B8B-82D0-CAB5BD076FFD}"
EndProject
Global
	GlobalSection(SolutionConfigurationPlatforms) = preSolution
		Debug|Any CPU = Debug|Any CPU
		Release|Any CPU = Release|Any CPU
	EndGlobalSection
	GlobalSection(ProjectConfigurationPlatforms) = postSolution
		{0803BCA5-147C-4B8B-82D0-CAB5BD076FFD}.Debug|Any CPU.ActiveCfg = Debug|Any CPU
		{0803BCA5-147C-4B8B-82D0-CAB5BD076FFD}.Debug|Any CPU.Build.0 = Debug|Any CPU
		{0803BCA5-147C-4B8B-82D0-CAB5BD076FFD}.Release|Any CPU.ActiveCfg = Release|Any CPU
		{0803BCA5-147C-4B8B-82D0-CAB5BD076FFD}.Release|Any CPU.Build.0 = Release|Any CPU
	EndGlobalSection
	GlobalSection(SolutionProperties) = preSolution
		HideSolutionNode = FALSE
	EndGlobalSection
	GlobalSection(ExtensibilityGlobals) = postSolution
		SolutionGuid = {627ADE22-643A-4B15-ACE5-579F33C635EA}
	EndGlobalSection
EndGlobal
