
Microsoft Visual Studio Solution File, Format Version 12.00
# Visual Studio Version 17
VisualStudioVersion = 17.0.32014.148
MinimumVisualStudioVersion = 10.0.40219.1
Project("{FAE04EC0-301F-11D3-BF4B-00C04F79EFBC}") = "10 c uploop", "10 c uploop.csproj", "{FB4C3C06-9B65-4333-95F5-F7F82D0FBA47}"
EndProject
Global
	GlobalSection(SolutionConfigurationPlatforms) = preSolution
		Debug|Any CPU = Debug|Any CPU
		Release|Any CPU = Release|Any CPU
	EndGlobalSection
	GlobalSection(ProjectConfigurationPlatforms) = postSolution
		{FB4C3C06-9B65-4333-95F5-F7F82D0FBA47}.Debug|Any CPU.ActiveCfg = Debug|Any CPU
		{FB4C3C06-9B65-4333-95F5-F7F82D0FBA47}.Debug|Any CPU.Build.0 = Debug|Any CPU
		{FB4C3C06-9B65-4333-95F5-F7F82D0FBA47}.Release|Any CPU.ActiveCfg = Release|Any CPU
		{FB4C3C06-9B65-4333-95F5-F7F82D0FBA47}.Release|Any CPU.Build.0 = Release|Any CPU
	EndGlobalSection
	GlobalSection(SolutionProperties) = preSolution
		HideSolutionNode = FALSE
	EndGlobalSection
	GlobalSection(ExtensibilityGlobals) = postSolution
		SolutionGuid = {96E199AE-CA53-4011-817F-2A4C4105C37B}
	EndGlobalSection
EndGlobal
