
Microsoft Visual Studio Solution File, Format Version 12.00
# Visual Studio Version 17
VisualStudioVersion = 17.0.32014.148
MinimumVisualStudioVersion = 10.0.40219.1
Project("{FAE04EC0-301F-11D3-BF4B-00C04F79EFBC}") = "20 nomre 20-15 15-10 10", "20 nomre 20-15 15-10 10.csproj", "{BFE6E992-C046-4FA9-A443-816FC2A3381D}"
EndProject
Global
	GlobalSection(SolutionConfigurationPlatforms) = preSolution
		Debug|Any CPU = Debug|Any CPU
		Release|Any CPU = Release|Any CPU
	EndGlobalSection
	GlobalSection(ProjectConfigurationPlatforms) = postSolution
		{BFE6E992-C046-4FA9-A443-816FC2A3381D}.Debug|Any CPU.ActiveCfg = Debug|Any CPU
		{BFE6E992-C046-4FA9-A443-816FC2A3381D}.Debug|Any CPU.Build.0 = Debug|Any CPU
		{BFE6E992-C046-4FA9-A443-816FC2A3381D}.Release|Any CPU.ActiveCfg = Release|Any CPU
		{BFE6E992-C046-4FA9-A443-816FC2A3381D}.Release|Any CPU.Build.0 = Release|Any CPU
	EndGlobalSection
	GlobalSection(SolutionProperties) = preSolution
		HideSolutionNode = FALSE
	EndGlobalSection
	GlobalSection(ExtensibilityGlobals) = postSolution
		SolutionGuid = {408396C0-EEDC-468B-B715-EDB41F8F97E4}
	EndGlobalSection
EndGlobal
