
Microsoft Visual Studio Solution File, Format Version 12.00
# Visual Studio Version 17
VisualStudioVersion = 17.0.32014.148
MinimumVisualStudioVersion = 10.0.40219.1
Project("{FAE04EC0-301F-11D3-BF4B-00C04F79EFBC}") = "majmo va miyangin 10 adad", "majmo va miyangin 10 adad.csproj", "{455ADE94-CB8E-4974-BCE9-984FA516FEAB}"
EndProject
Global
	GlobalSection(SolutionConfigurationPlatforms) = preSolution
		Debug|Any CPU = Debug|Any CPU
		Release|Any CPU = Release|Any CPU
	EndGlobalSection
	GlobalSection(ProjectConfigurationPlatforms) = postSolution
		{455ADE94-CB8E-4974-BCE9-984FA516FEAB}.Debug|Any CPU.ActiveCfg = Debug|Any CPU
		{455ADE94-CB8E-4974-BCE9-984FA516FEAB}.Debug|Any CPU.Build.0 = Debug|Any CPU
		{455ADE94-CB8E-4974-BCE9-984FA516FEAB}.Release|Any CPU.ActiveCfg = Release|Any CPU
		{455ADE94-CB8E-4974-BCE9-984FA516FEAB}.Release|Any CPU.Build.0 = Release|Any CPU
	EndGlobalSection
	GlobalSection(SolutionProperties) = preSolution
		HideSolutionNode = FALSE
	EndGlobalSection
	GlobalSection(ExtensibilityGlobals) = postSolution
		SolutionGuid = {A063AE5B-BB5A-4BB5-9E09-21BA34F9EF7C}
	EndGlobalSection
EndGlobal
